{
    "_meta": {
        "hash": {
            "sha256": "f0bf1f671a85d19dbb986e5e7b627a803f3265757c87cc116acc3f66a79055e8"
        },
        "pipfile-spec": 6,
        "requires": {
            "python_version": "3.8"
        },
        "sources": [
            {
                "name": "pypi",
                "url": "https://pypi.org/simple",
                "verify_ssl": true
            }
        ]
    },
    "default": {
        "pyparsing": {
            "hashes": [
                "sha256:20f995ecd72f2a1f4bf6b072b63b22e2eb457836601e76d6e5dfcd75436acc1f",
                "sha256:4ca62001be367f01bd3e92ecbb79070272a9d4964dce6a48a82ff0b8bc7e683a"
            ],
            "version": "==2.4.5"
        },
        "svgwrite": {
            "hashes": [
                "sha256:11e47749b159ed7004721e11d380b4642a26154b8cb2f7b0102fea9c71a3dfa1",
                "sha256:50fec23dc3fd49103808f0d672124f8c573ec5899da5686df734f856b8d3b737"
            ],
            "index": "pypi",
            "version": "==1.3.1"
        }
    },
    "develop": {}
}
